// !$*UTF8*$!
{
	archiveVersion = 1;
	classes = {
	};
	objectVersion = 55;
	objects = {

/* Begin PBXBuildFile section */
		460E2817B2AD0FEA0C4D9719 /* Pods_PraxisiOS_PraxisiOSUITests.framework in Frameworks */ = {isa = PBXBuildFile; fileRef = 9E64E084727E9DBF324B2897 /* Pods_PraxisiOS_PraxisiOSUITests.framework */; };
		899F94D027B50AD300BFC9FA /* PraxisiOSApp.swift in Sources */ = {isa = PBXBuildFile; fileRef = 899F94CF27B50AD300BFC9FA /* PraxisiOSApp.swift */; };
		899F94D227B50AD300BFC9FA /* NotesView.swift in Sources */ = {isa = PBXBuildFile; fileRef = 899F94D127B50AD300BFC9FA /* NotesView.swift */; };
		899F94D427B50AD400BFC9FA /* Assets.xcassets in Resources */ = {isa = PBXBuildFile; fileRef = 899F94D327B50AD400BFC9FA /* Assets.xcassets */; };
		899F94D727B50AD400BFC9FA /* Preview Assets.xcassets in Resources */ = {isa = PBXBuildFile; fileRef = 899F94D627B50AD400BFC9FA /* Preview Assets.xcassets */; };
		899F94E627B50AD400BFC9FA /* PraxisiOSTests.swift in Sources */ = {isa = PBXBuildFile; fileRef = 899F94E527B50AD400BFC9FA /* PraxisiOSTests.swift */; };
		899F94F027B50AD400BFC9FA /* PraxisiOSUITests.swift in Sources */ = {isa = PBXBuildFile; fileRef = 899F94EF27B50AD400BFC9FA /* PraxisiOSUITests.swift */; };
		899F94F227B50AD400BFC9FA /* PraxisiOSUITestsLaunchTests.swift in Sources */ = {isa = PBXBuildFile; fileRef = 899F94F127B50AD400BFC9FA /* PraxisiOSUITestsLaunchTests.swift */; };
		899F958027B521C200BFC9FA /* NotesViewModel.swift in Sources */ = {isa = PBXBuildFile; fileRef = 899F957F27B521C200BFC9FA /* NotesViewModel.swift */; };
		899F959727B52FDD00BFC9FA /* praxis_data.framework in Frameworks */ = {isa = PBXBuildFile; fileRef = 899F955B27B50D1000BFC9FA /* praxis_data.framework */; };
		899F959827B52FDD00BFC9FA /* praxis_data.framework in Embed Frameworks */ = {isa = PBXBuildFile; fileRef = 899F955B27B50D1000BFC9FA /* praxis_data.framework */; settings = {ATTRIBUTES = (CodeSignOnCopy, RemoveHeadersOnCopy, ); }; };
		899F959A27B52FDF00BFC9FA /* praxis_domain.framework in Frameworks */ = {isa = PBXBuildFile; fileRef = 899F952A27B50C8600BFC9FA /* praxis_domain.framework */; };
		899F959B27B52FDF00BFC9FA /* praxis_domain.framework in Embed Frameworks */ = {isa = PBXBuildFile; fileRef = 899F952A27B50C8600BFC9FA /* praxis_domain.framework */; settings = {ATTRIBUTES = (CodeSignOnCopy, RemoveHeadersOnCopy, ); }; };
		9C32B15F96E810C5618AFB50 /* Pods_PraxisiOSTests.framework in Frameworks */ = {isa = PBXBuildFile; fileRef = F4C487F15D66CF1AB65D9E35 /* Pods_PraxisiOSTests.framework */; };
/* End PBXBuildFile section */

/* Begin PBXContainerItemProxy section */
		899F94E227B50AD400BFC9FA /* PBXContainerItemProxy */ = {
			isa = PBXContainerItemProxy;
			containerPortal = 899F94C427B50AD300BFC9FA /* Project object */;
			proxyType = 1;
			remoteGlobalIDString = 899F94CB27B50AD300BFC9FA;
			remoteInfo = PraxisiOS;
		};
		899F94EC27B50AD400BFC9FA /* PBXContainerItemProxy */ = {
			isa = PBXContainerItemProxy;
			containerPortal = 899F94C427B50AD300BFC9FA /* Project object */;
			proxyType = 1;
			remoteGlobalIDString = 899F94CB27B50AD300BFC9FA;
			remoteInfo = PraxisiOS;
		};
		899F952927B50C8600BFC9FA /* PBXContainerItemProxy */ = {
			isa = PBXContainerItemProxy;
			containerPortal = 899F952427B50C8600BFC9FA /* praxis-domain.xcodeproj */;
			proxyType = 2;
			remoteGlobalIDString = 899F950827B50B3300BFC9FA;
			remoteInfo = "praxis-domain";
		};
		899F952B27B50C8600BFC9FA /* PBXContainerItemProxy */ = {
			isa = PBXContainerItemProxy;
			containerPortal = 899F952427B50C8600BFC9FA /* praxis-domain.xcodeproj */;
			proxyType = 2;
			remoteGlobalIDString = 899F951227B50B3300BFC9FA;
			remoteInfo = "praxis-domainTests";
		};
		899F955A27B50D1000BFC9FA /* PBXContainerItemProxy */ = {
			isa = PBXContainerItemProxy;
			containerPortal = 899F955527B50D1000BFC9FA /* praxis-data.xcodeproj */;
			proxyType = 2;
			remoteGlobalIDString = 899F953B27B50CEE00BFC9FA;
			remoteInfo = "praxis-data";
		};
		899F955C27B50D1000BFC9FA /* PBXContainerItemProxy */ = {
			isa = PBXContainerItemProxy;
			containerPortal = 899F955527B50D1000BFC9FA /* praxis-data.xcodeproj */;
			proxyType = 2;
			remoteGlobalIDString = 899F954527B50CEF00BFC9FA;
			remoteInfo = "praxis-dataTests";
		};
/* End PBXContainerItemProxy section */

/* Begin PBXCopyFilesBuildPhase section */
		899F959927B52FDD00BFC9FA /* Embed Frameworks */ = {
			isa = PBXCopyFilesBuildPhase;
			buildActionMask = 2147483647;
			dstPath = "";
			dstSubfolderSpec = 10;
			files = (
				899F959827B52FDD00BFC9FA /* praxis_data.framework in Embed Frameworks */,
				899F959B27B52FDF00BFC9FA /* praxis_domain.framework in Embed Frameworks */,
			);
			name = "Embed Frameworks";
			runOnlyForDeploymentPostprocessing = 0;
		};
/* End PBXCopyFilesBuildPhase section */

/* Begin PBXFileReference section */
		3A13DBD9F039A4CD1D87C4EE /* Pods-PraxisiOS.debug.xcconfig */ = {isa = PBXFileReference; includeInIndex = 1; lastKnownFileType = text.xcconfig; name = "Pods-PraxisiOS.debug.xcconfig"; path = "Target Support Files/Pods-PraxisiOS/Pods-PraxisiOS.debug.xcconfig"; sourceTree = "<group>"; };
		5DBB16EA82551F2050AFB8BC /* Pods-PraxisiOSTests.release.xcconfig */ = {isa = PBXFileReference; includeInIndex = 1; lastKnownFileType = text.xcconfig; name = "Pods-PraxisiOSTests.release.xcconfig"; path = "Target Support Files/Pods-PraxisiOSTests/Pods-PraxisiOSTests.release.xcconfig"; sourceTree = "<group>"; };
		8198488239ED6EA70E1C443C /* Pods-PraxisiOS-PraxisiOSUITests.release.xcconfig */ = {isa = PBXFileReference; includeInIndex = 1; lastKnownFileType = text.xcconfig; name = "Pods-PraxisiOS-PraxisiOSUITests.release.xcconfig"; path = "Target Support Files/Pods-PraxisiOS-PraxisiOSUITests/Pods-PraxisiOS-PraxisiOSUITests.release.xcconfig"; sourceTree = "<group>"; };
		899F94CC27B50AD300BFC9FA /* PraxisiOS.app */ = {isa = PBXFileReference; explicitFileType = wrapper.application; includeInIndex = 0; path = PraxisiOS.app; sourceTree = BUILT_PRODUCTS_DIR; };
		899F94CF27B50AD300BFC9FA /* PraxisiOSApp.swift */ = {isa = PBXFileReference; lastKnownFileType = sourcecode.swift; path = PraxisiOSApp.swift; sourceTree = "<group>"; };
		899F94D127B50AD300BFC9FA /* NotesView.swift */ = {isa = PBXFileReference; lastKnownFileType = sourcecode.swift; path = NotesView.swift; sourceTree = "<group>"; };
		899F94D327B50AD400BFC9FA /* Assets.xcassets */ = {isa = PBXFileReference; lastKnownFileType = folder.assetcatalog; path = Assets.xcassets; sourceTree = "<group>"; };
		899F94D627B50AD400BFC9FA /* Preview Assets.xcassets */ = {isa = PBXFileReference; lastKnownFileType = folder.assetcatalog; path = "Preview Assets.xcassets"; sourceTree = "<group>"; };
		899F94E127B50AD400BFC9FA /* PraxisiOSTests.xctest */ = {isa = PBXFileReference; explicitFileType = wrapper.cfbundle; includeInIndex = 0; path = PraxisiOSTests.xctest; sourceTree = BUILT_PRODUCTS_DIR; };
		899F94E527B50AD400BFC9FA /* PraxisiOSTests.swift */ = {isa = PBXFileReference; lastKnownFileType = sourcecode.swift; path = PraxisiOSTests.swift; sourceTree = "<group>"; };
		899F94EB27B50AD400BFC9FA /* PraxisiOSUITests.xctest */ = {isa = PBXFileReference; explicitFileType = wrapper.cfbundle; includeInIndex = 0; path = PraxisiOSUITests.xctest; sourceTree = BUILT_PRODUCTS_DIR; };
		899F94EF27B50AD400BFC9FA /* PraxisiOSUITests.swift */ = {isa = PBXFileReference; lastKnownFileType = sourcecode.swift; path = PraxisiOSUITests.swift; sourceTree = "<group>"; };
		899F94F127B50AD400BFC9FA /* PraxisiOSUITestsLaunchTests.swift */ = {isa = PBXFileReference; lastKnownFileType = sourcecode.swift; path = PraxisiOSUITestsLaunchTests.swift; sourceTree = "<group>"; };
		899F952427B50C8600BFC9FA /* praxis-domain.xcodeproj */ = {isa = PBXFileReference; lastKnownFileType = "wrapper.pb-project"; name = "praxis-domain.xcodeproj"; path = "praxis-domain/praxis-domain.xcodeproj"; sourceTree = SOURCE_ROOT; };
		899F955527B50D1000BFC9FA /* praxis-data.xcodeproj */ = {isa = PBXFileReference; lastKnownFileType = "wrapper.pb-project"; name = "praxis-data.xcodeproj"; path = "praxis-data/praxis-data.xcodeproj"; sourceTree = SOURCE_ROOT; };
		899F957F27B521C200BFC9FA /* NotesViewModel.swift */ = {isa = PBXFileReference; fileEncoding = 4; lastKnownFileType = sourcecode.swift; path = NotesViewModel.swift; sourceTree = "<group>"; };
		899F958F27B5273700BFC9FA /* Info.plist */ = {isa = PBXFileReference; lastKnownFileType = text.plist; path = Info.plist; sourceTree = "<group>"; };
		9E64E084727E9DBF324B2897 /* Pods_PraxisiOS_PraxisiOSUITests.framework */ = {isa = PBXFileReference; explicitFileType = wrapper.framework; includeInIndex = 0; path = Pods_PraxisiOS_PraxisiOSUITests.framework; sourceTree = BUILT_PRODUCTS_DIR; };
		CACEFA63301DCA3505FC23D4 /* Pods-PraxisiOS-PraxisiOSUITests.debug.xcconfig */ = {isa = PBXFileReference; includeInIndex = 1; lastKnownFileType = text.xcconfig; name = "Pods-PraxisiOS-PraxisiOSUITests.debug.xcconfig"; path = "Target Support Files/Pods-PraxisiOS-PraxisiOSUITests/Pods-PraxisiOS-PraxisiOSUITests.debug.xcconfig"; sourceTree = "<group>"; };
		E06DF37D708FCEA67CB48BB7 /* Pods-PraxisiOSTests.debug.xcconfig */ = {isa = PBXFileReference; includeInIndex = 1; lastKnownFileType = text.xcconfig; name = "Pods-PraxisiOSTests.debug.xcconfig"; path = "Target Support Files/Pods-PraxisiOSTests/Pods-PraxisiOSTests.debug.xcconfig"; sourceTree = "<group>"; };
		E8DCAF85680A6B4B2F11D62D /* Pods-PraxisiOS.release.xcconfig */ = {isa = PBXFileReference; includeInIndex = 1; lastKnownFileType = text.xcconfig; name = "Pods-PraxisiOS.release.xcconfig"; path = "Target Support Files/Pods-PraxisiOS/Pods-PraxisiOS.release.xcconfig"; sourceTree = "<group>"; };
		EA273587747C46D8BB6E1409 /* Pods_PraxisiOS.framework */ = {isa = PBXFileReference; explicitFileType = wrapper.framework; includeInIndex = 0; path = Pods_PraxisiOS.framework; sourceTree = BUILT_PRODUCTS_DIR; };
		F4C487F15D66CF1AB65D9E35 /* Pods_PraxisiOSTests.framework */ = {isa = PBXFileReference; explicitFileType = wrapper.framework; includeInIndex = 0; path = Pods_PraxisiOSTests.framework; sourceTree = BUILT_PRODUCTS_DIR; };
/* End PBXFileReference section */

/* Begin PBXFrameworksBuildPhase section */
		899F94C927B50AD300BFC9FA /* Frameworks */ = {
			isa = PBXFrameworksBuildPhase;
			buildActionMask = 2147483647;
			files = (
				899F959727B52FDD00BFC9FA /* praxis_data.framework in Frameworks */,
				899F959A27B52FDF00BFC9FA /* praxis_domain.framework in Frameworks */,
			);
			runOnlyForDeploymentPostprocessing = 0;
		};
		899F94DE27B50AD400BFC9FA /* Frameworks */ = {
			isa = PBXFrameworksBuildPhase;
			buildActionMask = 2147483647;
			files = (
				9C32B15F96E810C5618AFB50 /* Pods_PraxisiOSTests.framework in Frameworks */,
			);
			runOnlyForDeploymentPostprocessing = 0;
		};
		899F94E827B50AD400BFC9FA /* Frameworks */ = {
			isa = PBXFrameworksBuildPhase;
			buildActionMask = 2147483647;
			files = (
				460E2817B2AD0FEA0C4D9719 /* Pods_PraxisiOS_PraxisiOSUITests.framework in Frameworks */,
			);
			runOnlyForDeploymentPostprocessing = 0;
		};
/* End PBXFrameworksBuildPhase section */

/* Begin PBXGroup section */
		899F94C327B50AD300BFC9FA = {
			isa = PBXGroup;
			children = (
				899F952427B50C8600BFC9FA /* praxis-domain.xcodeproj */,
				899F955527B50D1000BFC9FA /* praxis-data.xcodeproj */,
				899F94CE27B50AD300BFC9FA /* PraxisiOS */,
				899F94E427B50AD400BFC9FA /* PraxisiOSTests */,
				899F94EE27B50AD400BFC9FA /* PraxisiOSUITests */,
				899F94CD27B50AD300BFC9FA /* Products */,
				899F952D27B50CB700BFC9FA /* Frameworks */,
				9167D786640DE58EFB7032A0 /* Pods */,
			);
			sourceTree = "<group>";
		};
		899F94CD27B50AD300BFC9FA /* Products */ = {
			isa = PBXGroup;
			children = (
				899F94CC27B50AD300BFC9FA /* PraxisiOS.app */,
				899F94E127B50AD400BFC9FA /* PraxisiOSTests.xctest */,
				899F94EB27B50AD400BFC9FA /* PraxisiOSUITests.xctest */,
			);
			name = Products;
			sourceTree = "<group>";
		};
		899F94CE27B50AD300BFC9FA /* PraxisiOS */ = {
			isa = PBXGroup;
			children = (
				899F958F27B5273700BFC9FA /* Info.plist */,
				899F957C27B515F300BFC9FA /* app */,
				899F957427B512F200BFC9FA /* notes */,
				899F94D327B50AD400BFC9FA /* Assets.xcassets */,
				899F94D527B50AD400BFC9FA /* Preview Content */,
			);
			path = PraxisiOS;
			sourceTree = "<group>";
		};
		899F94D527B50AD400BFC9FA /* Preview Content */ = {
			isa = PBXGroup;
			children = (
				899F94D627B50AD400BFC9FA /* Preview Assets.xcassets */,
			);
			path = "Preview Content";
			sourceTree = "<group>";
		};
		899F94E427B50AD400BFC9FA /* PraxisiOSTests */ = {
			isa = PBXGroup;
			children = (
				899F94E527B50AD400BFC9FA /* PraxisiOSTests.swift */,
			);
			path = PraxisiOSTests;
			sourceTree = "<group>";
		};
		899F94EE27B50AD400BFC9FA /* PraxisiOSUITests */ = {
			isa = PBXGroup;
			children = (
				899F94EF27B50AD400BFC9FA /* PraxisiOSUITests.swift */,
				899F94F127B50AD400BFC9FA /* PraxisiOSUITestsLaunchTests.swift */,
			);
			path = PraxisiOSUITests;
			sourceTree = "<group>";
		};
		899F952527B50C8600BFC9FA /* Products */ = {
			isa = PBXGroup;
			children = (
				899F952A27B50C8600BFC9FA /* praxis_domain.framework */,
				899F952C27B50C8600BFC9FA /* praxis-domainTests.xctest */,
			);
			name = Products;
			sourceTree = "<group>";
		};
		899F952D27B50CB700BFC9FA /* Frameworks */ = {
			isa = PBXGroup;
			children = (
				EA273587747C46D8BB6E1409 /* Pods_PraxisiOS.framework */,
				9E64E084727E9DBF324B2897 /* Pods_PraxisiOS_PraxisiOSUITests.framework */,
				F4C487F15D66CF1AB65D9E35 /* Pods_PraxisiOSTests.framework */,
			);
			name = Frameworks;
			sourceTree = "<group>";
		};
		899F955627B50D1000BFC9FA /* Products */ = {
			isa = PBXGroup;
			children = (
				899F955B27B50D1000BFC9FA /* praxis_data.framework */,
				899F955D27B50D1000BFC9FA /* praxis-dataTests.xctest */,
			);
			name = Products;
			sourceTree = "<group>";
		};
		899F957427B512F200BFC9FA /* notes */ = {
			isa = PBXGroup;
			children = (
				899F94D127B50AD300BFC9FA /* NotesView.swift */,
				899F957F27B521C200BFC9FA /* NotesViewModel.swift */,
			);
			path = notes;
			sourceTree = "<group>";
		};
		899F957C27B515F300BFC9FA /* app */ = {
			isa = PBXGroup;
			children = (
				899F94CF27B50AD300BFC9FA /* PraxisiOSApp.swift */,
			);
			path = app;
			sourceTree = "<group>";
		};
		9167D786640DE58EFB7032A0 /* Pods */ = {
			isa = PBXGroup;
			children = (
				3A13DBD9F039A4CD1D87C4EE /* Pods-PraxisiOS.debug.xcconfig */,
				E8DCAF85680A6B4B2F11D62D /* Pods-PraxisiOS.release.xcconfig */,
				CACEFA63301DCA3505FC23D4 /* Pods-PraxisiOS-PraxisiOSUITests.debug.xcconfig */,
				8198488239ED6EA70E1C443C /* Pods-PraxisiOS-PraxisiOSUITests.release.xcconfig */,
				E06DF37D708FCEA67CB48BB7 /* Pods-PraxisiOSTests.debug.xcconfig */,
				5DBB16EA82551F2050AFB8BC /* Pods-PraxisiOSTests.release.xcconfig */,
			);
			path = Pods;
			sourceTree = "<group>";
		};
/* End PBXGroup section */

/* Begin PBXNativeTarget section */
		899F94CB27B50AD300BFC9FA /* PraxisiOS */ = {
			isa = PBXNativeTarget;
			buildConfigurationList = 899F94F527B50AD400BFC9FA /* Build configuration list for PBXNativeTarget "PraxisiOS" */;
			buildPhases = (
				04F294C8349DBE6DBE6A7E45 /* [CP] Check Pods Manifest.lock */,
				899F94C827B50AD300BFC9FA /* Sources */,
				899F94C927B50AD300BFC9FA /* Frameworks */,
				899F94CA27B50AD300BFC9FA /* Resources */,
				899F959927B52FDD00BFC9FA /* Embed Frameworks */,
			);
			buildRules = (
			);
			dependencies = (
			);
			name = PraxisiOS;
			productName = PraxisiOS;
			productReference = 899F94CC27B50AD300BFC9FA /* PraxisiOS.app */;
			productType = "com.apple.product-type.application";
		};
		899F94E027B50AD400BFC9FA /* PraxisiOSTests */ = {
			isa = PBXNativeTarget;
			buildConfigurationList = 899F94F827B50AD400BFC9FA /* Build configuration list for PBXNativeTarget "PraxisiOSTests" */;
			buildPhases = (
				1EF59646CA53D0BB119FF12F /* [CP] Check Pods Manifest.lock */,
				899F94DD27B50AD400BFC9FA /* Sources */,
				899F94DE27B50AD400BFC9FA /* Frameworks */,
				899F94DF27B50AD400BFC9FA /* Resources */,
			);
			buildRules = (
			);
			dependencies = (
				899F94E327B50AD400BFC9FA /* PBXTargetDependency */,
			);
			name = PraxisiOSTests;
			productName = PraxisiOSTests;
			productReference = 899F94E127B50AD400BFC9FA /* PraxisiOSTests.xctest */;
			productType = "com.apple.product-type.bundle.unit-test";
		};
		899F94EA27B50AD400BFC9FA /* PraxisiOSUITests */ = {
			isa = PBXNativeTarget;
			buildConfigurationList = 899F94FB27B50AD400BFC9FA /* Build configuration list for PBXNativeTarget "PraxisiOSUITests" */;
			buildPhases = (
				085720A8628C37D0BE492C26 /* [CP] Check Pods Manifest.lock */,
				899F94E727B50AD400BFC9FA /* Sources */,
				899F94E827B50AD400BFC9FA /* Frameworks */,
				899F94E927B50AD400BFC9FA /* Resources */,
			);
			buildRules = (
			);
			dependencies = (
				899F94ED27B50AD400BFC9FA /* PBXTargetDependency */,
			);
			name = PraxisiOSUITests;
			productName = PraxisiOSUITests;
			productReference = 899F94EB27B50AD400BFC9FA /* PraxisiOSUITests.xctest */;
			productType = "com.apple.product-type.bundle.ui-testing";
		};
/* End PBXNativeTarget section */

/* Begin PBXProject section */
		899F94C427B50AD300BFC9FA /* Project object */ = {
			isa = PBXProject;
			attributes = {
				BuildIndependentTargetsInParallel = 1;
				LastSwiftUpdateCheck = 1320;
				LastUpgradeCheck = 1320;
				TargetAttributes = {
					899F94CB27B50AD300BFC9FA = {
						CreatedOnToolsVersion = 13.2.1;
					};
					899F94E027B50AD400BFC9FA = {
						CreatedOnToolsVersion = 13.2.1;
						TestTargetID = 899F94CB27B50AD300BFC9FA;
					};
					899F94EA27B50AD400BFC9FA = {
						CreatedOnToolsVersion = 13.2.1;
						TestTargetID = 899F94CB27B50AD300BFC9FA;
					};
				};
			};
			buildConfigurationList = 899F94C727B50AD300BFC9FA /* Build configuration list for PBXProject "PraxisiOS" */;
			compatibilityVersion = "Xcode 13.0";
			developmentRegion = en;
			hasScannedForEncodings = 0;
			knownRegions = (
				en,
				Base,
			);
			mainGroup = 899F94C327B50AD300BFC9FA;
			productRefGroup = 899F94CD27B50AD300BFC9FA /* Products */;
			projectDirPath = "";
			projectReferences = (
				{
					ProductGroup = 899F955627B50D1000BFC9FA /* Products */;
					ProjectRef = 899F955527B50D1000BFC9FA /* praxis-data.xcodeproj */;
				},
				{
					ProductGroup = 899F952527B50C8600BFC9FA /* Products */;
					ProjectRef = 899F952427B50C8600BFC9FA /* praxis-domain.xcodeproj */;
				},
			);
			projectRoot = "";
			targets = (
				899F94CB27B50AD300BFC9FA /* PraxisiOS */,
				899F94E027B50AD400BFC9FA /* PraxisiOSTests */,
				899F94EA27B50AD400BFC9FA /* PraxisiOSUITests */,
			);
		};
/* End PBXProject section */

/* Begin PBXReferenceProxy section */
		899F952A27B50C8600BFC9FA /* praxis_domain.framework */ = {
			isa = PBXReferenceProxy;
			fileType = wrapper.framework;
			path = praxis_domain.framework;
			remoteRef = 899F952927B50C8600BFC9FA /* PBXContainerItemProxy */;
			sourceTree = BUILT_PRODUCTS_DIR;
		};
		899F952C27B50C8600BFC9FA /* praxis-domainTests.xctest */ = {
			isa = PBXReferenceProxy;
			fileType = wrapper.cfbundle;
			path = "praxis-domainTests.xctest";
			remoteRef = 899F952B27B50C8600BFC9FA /* PBXContainerItemProxy */;
			sourceTree = BUILT_PRODUCTS_DIR;
		};
		899F955B27B50D1000BFC9FA /* praxis_data.framework */ = {
			isa = PBXReferenceProxy;
			fileType = wrapper.framework;
			path = praxis_data.framework;
			remoteRef = 899F955A27B50D1000BFC9FA /* PBXContainerItemProxy */;
			sourceTree = BUILT_PRODUCTS_DIR;
		};
		899F955D27B50D1000BFC9FA /* praxis-dataTests.xctest */ = {
			isa = PBXReferenceProxy;
			fileType = wrapper.cfbundle;
			path = "praxis-dataTests.xctest";
			remoteRef = 899F955C27B50D1000BFC9FA /* PBXContainerItemProxy */;
			sourceTree = BUILT_PRODUCTS_DIR;
		};
/* End PBXReferenceProxy section */

/* Begin PBXResourcesBuildPhase section */
		899F94CA27B50AD300BFC9FA /* Resources */ = {
			isa = PBXResourcesBuildPhase;
			buildActionMask = 2147483647;
			files = (
				899F94D727B50AD400BFC9FA /* Preview Assets.xcassets in Resources */,
				899F94D427B50AD400BFC9FA /* Assets.xcassets in Resources */,
			);
			runOnlyForDeploymentPostprocessing = 0;
		};
		899F94DF27B50AD400BFC9FA /* Resources */ = {
			isa = PBXResourcesBuildPhase;
			buildActionMask = 2147483647;
			files = (
			);
			runOnlyForDeploymentPostprocessing = 0;
		};
		899F94E927B50AD400BFC9FA /* Resources */ = {
			isa = PBXResourcesBuildPhase;
			buildActionMask = 2147483647;
			files = (
			);
			runOnlyForDeploymentPostprocessing = 0;
		};
/* End PBXResourcesBuildPhase section */

/* Begin PBXShellScriptBuildPhase section */
		04F294C8349DBE6DBE6A7E45 /* [CP] Check Pods Manifest.lock */ = {
			isa = PBXShellScriptBuildPhase;
			buildActionMask = 2147483647;
			files = (
			);
			inputFileListPaths = (
			);
			inputPaths = (
				"${PODS_PODFILE_DIR_PATH}/Podfile.lock",
				"${PODS_ROOT}/Manifest.lock",
			);
			name = "[CP] Check Pods Manifest.lock";
			outputFileListPaths = (
			);
			outputPaths = (
				"$(DERIVED_FILE_DIR)/Pods-PraxisiOS-checkManifestLockResult.txt",
			);
			runOnlyForDeploymentPostprocessing = 0;
			shellPath = /bin/sh;
			shellScript = "diff \"${PODS_PODFILE_DIR_PATH}/Podfile.lock\" \"${PODS_ROOT}/Manifest.lock\" > /dev/null\nif [ $? != 0 ] ; then\n    # print error to STDERR\n    echo \"error: The sandbox is not in sync with the Podfile.lock. Run 'pod install' or update your CocoaPods installation.\" >&2\n    exit 1\nfi\n# This output is used by Xcode 'outputs' to avoid re-running this script phase.\necho \"SUCCESS\" > \"${SCRIPT_OUTPUT_FILE_0}\"\n";
			showEnvVarsInLog = 0;
		};
		085720A8628C37D0BE492C26 /* [CP] Check Pods Manifest.lock */ = {
			isa = PBXShellScriptBuildPhase;
			buildActionMask = 2147483647;
			files = (
			);
			inputFileListPaths = (
			);
			inputPaths = (
				"${PODS_PODFILE_DIR_PATH}/Podfile.lock",
				"${PODS_ROOT}/Manifest.lock",
			);
			name = "[CP] Check Pods Manifest.lock";
			outputFileListPaths = (
			);
			outputPaths = (
				"$(DERIVED_FILE_DIR)/Pods-PraxisiOS-PraxisiOSUITests-checkManifestLockResult.txt",
			);
			runOnlyForDeploymentPostprocessing = 0;
			shellPath = /bin/sh;
			shellScript = "diff \"${PODS_PODFILE_DIR_PATH}/Podfile.lock\" \"${PODS_ROOT}/Manifest.lock\" > /dev/null\nif [ $? != 0 ] ; then\n    # print error to STDERR\n    echo \"error: The sandbox is not in sync with the Podfile.lock. Run 'pod install' or update your CocoaPods installation.\" >&2\n    exit 1\nfi\n# This output is used by Xcode 'outputs' to avoid re-running this script phase.\necho \"SUCCESS\" > \"${SCRIPT_OUTPUT_FILE_0}\"\n";
			showEnvVarsInLog = 0;
		};
		1EF59646CA53D0BB119FF12F /* [CP] Check Pods Manifest.lock */ = {
			isa = PBXShellScriptBuildPhase;
			buildActionMask = 2147483647;
			files = (
			);
			inputFileListPaths = (
			);
			inputPaths = (
				"${PODS_PODFILE_DIR_PATH}/Podfile.lock",
				"${PODS_ROOT}/Manifest.lock",
			);
			name = "[CP] Check Pods Manifest.lock";
			outputFileListPaths = (
			);
			outputPaths = (
				"$(DERIVED_FILE_DIR)/Pods-PraxisiOSTests-checkManifestLockResult.txt",
			);
			runOnlyForDeploymentPostprocessing = 0;
			shellPath = /bin/sh;
			shellScript = "diff \"${PODS_PODFILE_DIR_PATH}/Podfile.lock\" \"${PODS_ROOT}/Manifest.lock\" > /dev/null\nif [ $? != 0 ] ; then\n    # print error to STDERR\n    echo \"error: The sandbox is not in sync with the Podfile.lock. Run 'pod install' or update your CocoaPods installation.\" >&2\n    exit 1\nfi\n# This output is used by Xcode 'outputs' to avoid re-running this script phase.\necho \"SUCCESS\" > \"${SCRIPT_OUTPUT_FILE_0}\"\n";
			showEnvVarsInLog = 0;
		};
/* End PBXShellScriptBuildPhase section */

/* Begin PBXSourcesBuildPhase section */
		899F94C827B50AD300BFC9FA /* Sources */ = {
			isa = PBXSourcesBuildPhase;
			buildActionMask = 2147483647;
			files = (
				899F958027B521C200BFC9FA /* NotesViewModel.swift in Sources */,
				899F94D227B50AD300BFC9FA /* NotesView.swift in Sources */,
				899F94D027B50AD300BFC9FA /* PraxisiOSApp.swift in Sources */,
			);
			runOnlyForDeploymentPostprocessing = 0;
		};
		899F94DD27B50AD400BFC9FA /* Sources */ = {
			isa = PBXSourcesBuildPhase;
			buildActionMask = 2147483647;
			files = (
				899F94E627B50AD400BFC9FA /* PraxisiOSTests.swift in Sources */,
			);
			runOnlyForDeploymentPostprocessing = 0;
		};
		899F94E727B50AD400BFC9FA /* Sources */ = {
			isa = PBXSourcesBuildPhase;
			buildActionMask = 2147483647;
			files = (
				899F94F027B50AD400BFC9FA /* PraxisiOSUITests.swift in Sources */,
				899F94F227B50AD400BFC9FA /* PraxisiOSUITestsLaunchTests.swift in Sources */,
			);
			runOnlyForDeploymentPostprocessing = 0;
		};
/* End PBXSourcesBuildPhase section */

/* Begin PBXTargetDependency section */
		899F94E327B50AD400BFC9FA /* PBXTargetDependency */ = {
			isa = PBXTargetDependency;
			target = 899F94CB27B50AD300BFC9FA /* PraxisiOS */;
			targetProxy = 899F94E227B50AD400BFC9FA /* PBXContainerItemProxy */;
		};
		899F94ED27B50AD400BFC9FA /* PBXTargetDependency */ = {
			isa = PBXTargetDependency;
			target = 899F94CB27B50AD300BFC9FA /* PraxisiOS */;
			targetProxy = 899F94EC27B50AD400BFC9FA /* PBXContainerItemProxy */;
		};
/* End PBXTargetDependency section */

/* Begin XCBuildConfiguration section */
		899F94F327B50AD400BFC9FA /* Debug */ = {
			isa = XCBuildConfiguration;
			buildSettings = {
				ALWAYS_SEARCH_USER_PATHS = NO;
				CLANG_ANALYZER_NONNULL = YES;
				CLANG_ANALYZER_NUMBER_OBJECT_CONVERSION = YES_AGGRESSIVE;
				CLANG_CXX_LANGUAGE_STANDARD = "gnu++17";
				CLANG_CXX_LIBRARY = "libc++";
				CLANG_ENABLE_MODULES = YES;
				CLANG_ENABLE_OBJC_ARC = YES;
				CLANG_ENABLE_OBJC_WEAK = YES;
				CLANG_WARN_BLOCK_CAPTURE_AUTORELEASING = YES;
				CLANG_WARN_BOOL_CONVERSION = YES;
				CLANG_WARN_COMMA = YES;
				CLANG_WARN_CONSTANT_CONVERSION = YES;
				CLANG_WARN_DEPRECATED_OBJC_IMPLEMENTATIONS = YES;
				CLANG_WARN_DIRECT_OBJC_ISA_USAGE = YES_ERROR;
				CLANG_WARN_DOCUMENTATION_COMMENTS = YES;
				CLANG_WARN_EMPTY_BODY = YES;
				CLANG_WARN_ENUM_CONVERSION = YES;
				CLANG_WARN_INFINITE_RECURSION = YES;
				CLANG_WARN_INT_CONVERSION = YES;
				CLANG_WARN_NON_LITERAL_NULL_CONVERSION = YES;
				CLANG_WARN_OBJC_IMPLICIT_RETAIN_SELF = YES;
				CLANG_WARN_OBJC_LITERAL_CONVERSION = YES;
				CLANG_WARN_OBJC_ROOT_CLASS = YES_ERROR;
				CLANG_WARN_QUOTED_INCLUDE_IN_FRAMEWORK_HEADER = YES;
				CLANG_WARN_RANGE_LOOP_ANALYSIS = YES;
				CLANG_WARN_STRICT_PROTOTYPES = YES;
				CLANG_WARN_SUSPICIOUS_MOVE = YES;
				CLANG_WARN_UNGUARDED_AVAILABILITY = YES_AGGRESSIVE;
				CLANG_WARN_UNREACHABLE_CODE = YES;
				CLANG_WARN__DUPLICATE_METHOD_MATCH = YES;
				COPY_PHASE_STRIP = NO;
				DEBUG_INFORMATION_FORMAT = dwarf;
				ENABLE_STRICT_OBJC_MSGSEND = YES;
				ENABLE_TESTABILITY = YES;
				GCC_C_LANGUAGE_STANDARD = gnu11;
				GCC_DYNAMIC_NO_PIC = NO;
				GCC_NO_COMMON_BLOCKS = YES;
				GCC_OPTIMIZATION_LEVEL = 0;
				GCC_PREPROCESSOR_DEFINITIONS = (
					"DEBUG=1",
					"$(inherited)",
				);
				GCC_WARN_64_TO_32_BIT_CONVERSION = YES;
				GCC_WARN_ABOUT_RETURN_TYPE = YES_ERROR;
				GCC_WARN_UNDECLARED_SELECTOR = YES;
				GCC_WARN_UNINITIALIZED_AUTOS = YES_AGGRESSIVE;
				GCC_WARN_UNUSED_FUNCTION = YES;
				GCC_WARN_UNUSED_VARIABLE = YES;
				IPHONEOS_DEPLOYMENT_TARGET = 15.2;
				MTL_ENABLE_DEBUG_INFO = INCLUDE_SOURCE;
				MTL_FAST_MATH = YES;
				ONLY_ACTIVE_ARCH = YES;
				SDKROOT = iphoneos;
				SWIFT_ACTIVE_COMPILATION_CONDITIONS = DEBUG;
				SWIFT_OPTIMIZATION_LEVEL = "-Onone";
			};
			name = Debug;
		};
		899F94F427B50AD400BFC9FA /* Release */ = {
			isa = XCBuildConfiguration;
			buildSettings = {
				ALWAYS_SEARCH_USER_PATHS = NO;
				CLANG_ANALYZER_NONNULL = YES;
				CLANG_ANALYZER_NUMBER_OBJECT_CONVERSION = YES_AGGRESSIVE;
				CLANG_CXX_LANGUAGE_STANDARD = "gnu++17";
				CLANG_CXX_LIBRARY = "libc++";
				CLANG_ENABLE_MODULES = YES;
				CLANG_ENABLE_OBJC_ARC = YES;
				CLANG_ENABLE_OBJC_WEAK = YES;
				CLANG_WARN_BLOCK_CAPTURE_AUTORELEASING = YES;
				CLANG_WARN_BOOL_CONVERSION = YES;
				CLANG_WARN_COMMA = YES;
				CLANG_WARN_CONSTANT_CONVERSION = YES;
				CLANG_WARN_DEPRECATED_OBJC_IMPLEMENTATIONS = YES;
				CLANG_WARN_DIRECT_OBJC_ISA_USAGE = YES_ERROR;
				CLANG_WARN_DOCUMENTATION_COMMENTS = YES;
				CLANG_WARN_EMPTY_BODY = YES;
				CLANG_WARN_ENUM_CONVERSION = YES;
				CLANG_WARN_INFINITE_RECURSION = YES;
				CLANG_WARN_INT_CONVERSION = YES;
				CLANG_WARN_NON_LITERAL_NULL_CONVERSION = YES;
				CLANG_WARN_OBJC_IMPLICIT_RETAIN_SELF = YES;
				CLANG_WARN_OBJC_LITERAL_CONVERSION = YES;
				CLANG_WARN_OBJC_ROOT_CLASS = YES_ERROR;
				CLANG_WARN_QUOTED_INCLUDE_IN_FRAMEWORK_HEADER = YES;
				CLANG_WARN_RANGE_LOOP_ANALYSIS = YES;
				CLANG_WARN_STRICT_PROTOTYPES = YES;
				CLANG_WARN_SUSPICIOUS_MOVE = YES;
				CLANG_WARN_UNGUARDED_AVAILABILITY = YES_AGGRESSIVE;
				CLANG_WARN_UNREACHABLE_CODE = YES;
				CLANG_WARN__DUPLICATE_METHOD_MATCH = YES;
				COPY_PHASE_STRIP = NO;
				DEBUG_INFORMATION_FORMAT = "dwarf-with-dsym";
				ENABLE_NS_ASSERTIONS = NO;
				ENABLE_STRICT_OBJC_MSGSEND = YES;
				GCC_C_LANGUAGE_STANDARD = gnu11;
				GCC_NO_COMMON_BLOCKS = YES;
				GCC_WARN_64_TO_32_BIT_CONVERSION = YES;
				GCC_WARN_ABOUT_RETURN_TYPE = YES_ERROR;
				GCC_WARN_UNDECLARED_SELECTOR = YES;
				GCC_WARN_UNINITIALIZED_AUTOS = YES_AGGRESSIVE;
				GCC_WARN_UNUSED_FUNCTION = YES;
				GCC_WARN_UNUSED_VARIABLE = YES;
				IPHONEOS_DEPLOYMENT_TARGET = 15.2;
				MTL_ENABLE_DEBUG_INFO = NO;
				MTL_FAST_MATH = YES;
				SDKROOT = iphoneos;
				SWIFT_COMPILATION_MODE = wholemodule;
				SWIFT_OPTIMIZATION_LEVEL = "-O";
				VALIDATE_PRODUCT = YES;
			};
			name = Release;
		};
		899F94F627B50AD400BFC9FA /* Debug */ = {
			isa = XCBuildConfiguration;
			baseConfigurationReference = 3A13DBD9F039A4CD1D87C4EE /* Pods-PraxisiOS.debug.xcconfig */;
			buildSettings = {
				ASSETCATALOG_COMPILER_APPICON_NAME = AppIcon;
				ASSETCATALOG_COMPILER_GLOBAL_ACCENT_COLOR_NAME = AccentColor;
				CODE_SIGN_STYLE = Automatic;
				CURRENT_PROJECT_VERSION = 1;
				DEVELOPMENT_ASSET_PATHS = "\"PraxisiOS/Preview Content\"";
				ENABLE_PREVIEWS = YES;
				GENERATE_INFOPLIST_FILE = YES;
				INFOPLIST_FILE = PraxisiOS/Info.plist;
				INFOPLIST_KEY_UIApplicationSceneManifest_Generation = YES;
				INFOPLIST_KEY_UIApplicationSupportsIndirectInputEvents = YES;
				INFOPLIST_KEY_UILaunchScreen_Generation = YES;
				INFOPLIST_KEY_UISupportedInterfaceOrientations_iPad = "UIInterfaceOrientationPortrait UIInterfaceOrientationPortraitUpsideDown UIInterfaceOrientationLandscapeLeft UIInterfaceOrientationLandscapeRight";
				INFOPLIST_KEY_UISupportedInterfaceOrientations_iPhone = "UIInterfaceOrientationPortrait UIInterfaceOrientationLandscapeLeft UIInterfaceOrientationLandscapeRight";
				LD_RUNPATH_SEARCH_PATHS = (
					"$(inherited)",
					"@executable_path/Frameworks",
				);
				MARKETING_VERSION = 1.0;
				PRODUCT_BUNDLE_IDENTIFIER = com.mutualmobile.PraxisiOS;
				PRODUCT_NAME = "$(TARGET_NAME)";
				SWIFT_EMIT_LOC_STRINGS = YES;
				SWIFT_VERSION = 5.0;
				TARGETED_DEVICE_FAMILY = "1,2";
			};
			name = Debug;
		};
		899F94F727B50AD400BFC9FA /* Release */ = {
			isa = XCBuildConfiguration;
			baseConfigurationReference = E8DCAF85680A6B4B2F11D62D /* Pods-PraxisiOS.release.xcconfig */;
			buildSettings = {
				ASSETCATALOG_COMPILER_APPICON_NAME = AppIcon;
				ASSETCATALOG_COMPILER_GLOBAL_ACCENT_COLOR_NAME = AccentColor;
				CODE_SIGN_STYLE = Automatic;
				CURRENT_PROJECT_VERSION = 1;
				DEVELOPMENT_ASSET_PATHS = "\"PraxisiOS/Preview Content\"";
				ENABLE_PREVIEWS = YES;
				GENERATE_INFOPLIST_FILE = YES;
				INFOPLIST_FILE = PraxisiOS/Info.plist;
				INFOPLIST_KEY_UIApplicationSceneManifest_Generation = YES;
				INFOPLIST_KEY_UIApplicationSupportsIndirectInputEvents = YES;
				INFOPLIST_KEY_UILaunchScreen_Generation = YES;
				INFOPLIST_KEY_UISupportedInterfaceOrientations_iPad = "UIInterfaceOrientationPortrait UIInterfaceOrientationPortraitUpsideDown UIInterfaceOrientationLandscapeLeft UIInterfaceOrientationLandscapeRight";
				INFOPLIST_KEY_UISupportedInterfaceOrientations_iPhone = "UIInterfaceOrientationPortrait UIInterfaceOrientationLandscapeLeft UIInterfaceOrientationLandscapeRight";
				LD_RUNPATH_SEARCH_PATHS = (
					"$(inherited)",
					"@executable_path/Frameworks",
				);
				MARKETING_VERSION = 1.0;
				PRODUCT_BUNDLE_IDENTIFIER = com.mutualmobile.PraxisiOS;
				PRODUCT_NAME = "$(TARGET_NAME)";
				SWIFT_EMIT_LOC_STRINGS = YES;
				SWIFT_VERSION = 5.0;
				TARGETED_DEVICE_FAMILY = "1,2";
			};
			name = Release;
		};
		899F94F927B50AD400BFC9FA /* Debug */ = {
			isa = XCBuildConfiguration;
			baseConfigurationReference = E06DF37D708FCEA67CB48BB7 /* Pods-PraxisiOSTests.debug.xcconfig */;
			buildSettings = {
				ALWAYS_EMBED_SWIFT_STANDARD_LIBRARIES = YES;
				BUNDLE_LOADER = "$(TEST_HOST)";
				CODE_SIGN_STYLE = Automatic;
				CURRENT_PROJECT_VERSION = 1;
				GENERATE_INFOPLIST_FILE = YES;
				IPHONEOS_DEPLOYMENT_TARGET = 15.2;
				MARKETING_VERSION = 1.0;
				PRODUCT_BUNDLE_IDENTIFIER = com.mutualmobile.PraxisiOSTests;
				PRODUCT_NAME = "$(TARGET_NAME)";
				SWIFT_EMIT_LOC_STRINGS = NO;
				SWIFT_VERSION = 5.0;
				TARGETED_DEVICE_FAMILY = "1,2";
				TEST_HOST = "$(BUILT_PRODUCTS_DIR)/PraxisiOS.app/PraxisiOS";
			};
			name = Debug;
		};
		899F94FA27B50AD400BFC9FA /* Release */ = {
			isa = XCBuildConfiguration;
			baseConfigurationReference = 5DBB16EA82551F2050AFB8BC /* Pods-PraxisiOSTests.release.xcconfig */;
			buildSettings = {
				ALWAYS_EMBED_SWIFT_STANDARD_LIBRARIES = YES;
				BUNDLE_LOADER = "$(TEST_HOST)";
				CODE_SIGN_STYLE = Automatic;
				CURRENT_PROJECT_VERSION = 1;
				GENERATE_INFOPLIST_FILE = YES;
				IPHONEOS_DEPLOYMENT_TARGET = 15.2;
				MARKETING_VERSION = 1.0;
				PRODUCT_BUNDLE_IDENTIFIER = com.mutualmobile.PraxisiOSTests;
				PRODUCT_NAME = "$(TARGET_NAME)";
				SWIFT_EMIT_LOC_STRINGS = NO;
				SWIFT_VERSION = 5.0;
				TARGETED_DEVICE_FAMILY = "1,2";
				TEST_HOST = "$(BUILT_PRODUCTS_DIR)/PraxisiOS.app/PraxisiOS";
			};
			name = Release;
		};
		899F94FC27B50AD400BFC9FA /* Debug */ = {
			isa = XCBuildConfiguration;
			baseConfigurationReference = CACEFA63301DCA3505FC23D4 /* Pods-PraxisiOS-PraxisiOSUITests.debug.xcconfig */;
			buildSettings = {
				ALWAYS_EMBED_SWIFT_STANDARD_LIBRARIES = YES;
				CODE_SIGN_STYLE = Automatic;
				CURRENT_PROJECT_VERSION = 1;
				GENERATE_INFOPLIST_FILE = YES;
				MARKETING_VERSION = 1.0;
				PRODUCT_BUNDLE_IDENTIFIER = com.mutualmobile.PraxisiOSUITests;
				PRODUCT_NAME = "$(TARGET_NAME)";
				SWIFT_EMIT_LOC_STRINGS = NO;
				SWIFT_VERSION = 5.0;
				TARGETED_DEVICE_FAMILY = "1,2";
				TEST_TARGET_NAME = PraxisiOS;
			};
			name = Debug;
		};
		899F94FD27B50AD400BFC9FA /* Release */ = {
			isa = XCBuildConfiguration;
			baseConfigurationReference = 8198488239ED6EA70E1C443C /* Pods-PraxisiOS-PraxisiOSUITests.release.xcconfig */;
			buildSettings = {
				ALWAYS_EMBED_SWIFT_STANDARD_LIBRARIES = YES;
				CODE_SIGN_STYLE = Automatic;
				CURRENT_PROJECT_VERSION = 1;
				GENERATE_INFOPLIST_FILE = YES;
				MARKETING_VERSION = 1.0;
				PRODUCT_BUNDLE_IDENTIFIER = com.mutualmobile.PraxisiOSUITests;
				PRODUCT_NAME = "$(TARGET_NAME)";
				SWIFT_EMIT_LOC_STRINGS = NO;
				SWIFT_VERSION = 5.0;
				TARGETED_DEVICE_FAMILY = "1,2";
				TEST_TARGET_NAME = PraxisiOS;
			};
			name = Release;
		};
/* End XCBuildConfiguration section */

/* Begin XCConfigurationList section */
		899F94C727B50AD300BFC9FA /* Build configuration list for PBXProject "PraxisiOS" */ = {
			isa = XCConfigurationList;
			buildConfigurations = (
				899F94F327B50AD400BFC9FA /* Debug */,
				899F94F427B50AD400BFC9FA /* Release */,
			);
			defaultConfigurationIsVisible = 0;
			defaultConfigurationName = Release;
		};
		899F94F527B50AD400BFC9FA /* Build configuration list for PBXNativeTarget "PraxisiOS" */ = {
			isa = XCConfigurationList;
			buildConfigurations = (
				899F94F627B50AD400BFC9FA /* Debug */,
				899F94F727B50AD400BFC9FA /* Release */,
			);
			defaultConfigurationIsVisible = 0;
			defaultConfigurationName = Release;
		};
		899F94F827B50AD400BFC9FA /* Build configuration list for PBXNativeTarget "PraxisiOSTests" */ = {
			isa = XCConfigurationList;
			buildConfigurations = (
				899F94F927B50AD400BFC9FA /* Debug */,
				899F94FA27B50AD400BFC9FA /* Release */,
			);
			defaultConfigurationIsVisible = 0;
			defaultConfigurationName = Release;
		};
		899F94FB27B50AD400BFC9FA /* Build configuration list for PBXNativeTarget "PraxisiOSUITests" */ = {
			isa = XCConfigurationList;
			buildConfigurations = (
				899F94FC27B50AD400BFC9FA /* Debug */,
				899F94FD27B50AD400BFC9FA /* Release */,
			);
			defaultConfigurationIsVisible = 0;
			defaultConfigurationName = Release;
		};
/* End XCConfigurationList section */
	};
	rootObject = 899F94C427B50AD300BFC9FA /* Project object */;
}
